
Microsoft Visual Studio Solution File, Format Version 12.00
# Visual Studio Version 17
VisualStudioVersion = 17.4.33213.308
MinimumVisualStudioVersion = 10.0.40219.1
Project("{FAE04EC0-301F-11D3-BF4B-00C04F79EFBC}") = "第一題", "第一題\第一題.csproj", "{B5B55771-4560-444E-B3E8-F892863D87BA}"
EndProject
Project("{FAE04EC0-301F-11D3-BF4B-00C04F79EFBC}") = "1A2B_LINQ", "1A2B_LINQ\1A2B_LINQ.csproj", "{6FFC1915-9A90-413E-8F39-B85F559FA576}"
EndProject
Global
	GlobalSection(SolutionConfigurationPlatforms) = preSolution
		Debug|Any CPU = Debug|Any CPU
		Release|Any CPU = Release|Any CPU
	EndGlobalSection
	GlobalSection(ProjectConfigurationPlatforms) = postSolution
		{B5B55771-4560-444E-B3E8-F892863D87BA}.Debug|Any CPU.ActiveCfg = Debug|Any CPU
		{B5B55771-4560-444E-B3E8-F892863D87BA}.Debug|Any CPU.Build.0 = Debug|Any CPU
		{B5B55771-4560-444E-B3E8-F892863D87BA}.Release|Any CPU.ActiveCfg = Release|Any CPU
		{B5B55771-4560-444E-B3E8-F892863D87BA}.Release|Any CPU.Build.0 = Release|Any CPU
		{6FFC1915-9A90-413E-8F39-B85F559FA576}.Debug|Any CPU.ActiveCfg = Debug|Any CPU
		{6FFC1915-9A90-413E-8F39-B85F559FA576}.Debug|Any CPU.Build.0 = Debug|Any CPU
		{6FFC1915-9A90-413E-8F39-B85F559FA576}.Release|Any CPU.ActiveCfg = Release|Any CPU
		{6FFC1915-9A90-413E-8F39-B85F559FA576}.Release|Any CPU.Build.0 = Release|Any CPU
	EndGlobalSection
	GlobalSection(SolutionProperties) = preSolution
		HideSolutionNode = FALSE
	EndGlobalSection
	GlobalSection(ExtensibilityGlobals) = postSolution
		SolutionGuid = {A9EE910C-102E-4FBF-BAFA-7005D2822BCD}
	EndGlobalSection
EndGlobal
